
Microsoft Visual Studio Solution File, Format Version 12.00
# Visual Studio Version 17
VisualStudioVersion = 17.14.36518.9 d17.14
MinimumVisualStudioVersion = 10.0.40219.1
Project("{FAE04EC0-301F-11D3-BF4B-00C04F79EFBC}") = "CTF.Server", "CTF.Server\CTF.Server.csproj", "{82C26A02-E1C0-49C8-98FC-02019C8627E1}"
EndProject
Project("{FAE04EC0-301F-11D3-BF4B-00C04F79EFBC}") = "CTF.Client", "CTF.Client\CTF.Client.csproj", "{F08365F4-9D2C-4489-BB59-0CF55F1AE82F}"
EndProject
Project("{FAE04EC0-301F-11D3-BF4B-00C04F79EFBC}") = "CTF.Common", "CTF.Common\CTF.Common.csproj", "{C94A98A1-B92F-4D5B-9569-3B0643E205FB}"
EndProject
Global
	GlobalSection(SolutionConfigurationPlatforms) = preSolution
		Debug|Any CPU = Debug|Any CPU
		Release|Any CPU = Release|Any CPU
	EndGlobalSection
	GlobalSection(ProjectConfigurationPlatforms) = postSolution
		{82C26A02-E1C0-49C8-98FC-02019C8627E1}.Debug|Any CPU.ActiveCfg = Debug|Any CPU
		{82C26A02-E1C0-49C8-98FC-02019C8627E1}.Debug|Any CPU.Build.0 = Debug|Any CPU
		{82C26A02-E1C0-49C8-98FC-02019C8627E1}.Release|Any CPU.ActiveCfg = Release|Any CPU
		{82C26A02-E1C0-49C8-98FC-02019C8627E1}.Release|Any CPU.Build.0 = Release|Any CPU
		{F08365F4-9D2C-4489-BB59-0CF55F1AE82F}.Debug|Any CPU.ActiveCfg = Debug|Any CPU
		{F08365F4-9D2C-4489-BB59-0CF55F1AE82F}.Debug|Any CPU.Build.0 = Debug|Any CPU
		{F08365F4-9D2C-4489-BB59-0CF55F1AE82F}.Release|Any CPU.ActiveCfg = Release|Any CPU
		{F08365F4-9D2C-4489-BB59-0CF55F1AE82F}.Release|Any CPU.Build.0 = Release|Any CPU
		{C94A98A1-B92F-4D5B-9569-3B0643E205FB}.Debug|Any CPU.ActiveCfg = Debug|Any CPU
		{C94A98A1-B92F-4D5B-9569-3B0643E205FB}.Debug|Any CPU.Build.0 = Debug|Any CPU
		{C94A98A1-B92F-4D5B-9569-3B0643E205FB}.Release|Any CPU.ActiveCfg = Release|Any CPU
		{C94A98A1-B92F-4D5B-9569-3B0643E205FB}.Release|Any CPU.Build.0 = Release|Any CPU
	EndGlobalSection
	GlobalSection(SolutionProperties) = preSolution
		HideSolutionNode = FALSE
	EndGlobalSection
	GlobalSection(ExtensibilityGlobals) = postSolution
		SolutionGuid = {6E218AC1-A2B2-4D78-AB4C-4250AA8F94C5}
	EndGlobalSection
EndGlobal
